{
  "sources": {
    "baseline": {
      "locked_version": "0.2.4",
      "git": "git@github.com:newsdev/chef-baseline.git",
      "ref": "9e960b98bf9457808d9af78fbb36300b2dc2502e"
    },
    "golang": {
      "locked_version": "1.2.0"
    },
    "redisio": {
      "locked_version": "1.7.0"
    },
    "sqlite": {
      "locked_version": "1.0.0"
    },
    "apt": {
      "locked_version": "2.3.0"
    },
    "chef-client": {
      "locked_version": "3.1.0"
    },
    "cron": {
      "locked_version": "1.2.8"
    },
    "logrotate": {
      "locked_version": "1.4.0"
    },
    "whitelist-node-attrs": {
      "locked_version": "1.1.0"
    },
    "ulimit": {
      "locked_version": "0.3.2"
    }
  }
}
